<?xml version="1.0" encoding="utf-8"?>
<Project ToolsVersion="4.0" xmlns="http://schemas.microsoft.com/developer/msbuild/2003">
  <ItemGroup>
    <Filter Include="Source Files">
      <UniqueIdentifier>{5d13433d-6e65-45b6-96c1-5c1af6304af3}</UniqueIdentifier>
      <Extensions>cpp;c;cxx;rc;def;r;odl;idl;hpj;bat</Extensions>
    </Filter>
    <Filter Include="Header Files">
      <UniqueIdentifier>{f29fdbf3-c19d-4b28-bebe-62ce749978c4}</UniqueIdentifier>
      <Extensions>h;hpp;hxx;hm;inl</Extensions>
    </Filter>
    <Filter Include="Resource Files">
      <UniqueIdentifier>{bdda6715-e179-4b76-9139-187506a57957}</UniqueIdentifier>
      <Extensions>ico;cur;bmp;dlg;rc2;rct;bin;rgs;gif;jpg;jpeg;jpe</Extensions>
    </Filter>
  </ItemGroup>
  <ItemGroup>
    <ClCompile Include="..\Average.c">
      <Filter>Source Files</Filter>
    </ClCompile>
    <ClCompile Include="..\Calibr.c">
      <Filter>Source Files</Filter>
    </ClCompile>
    <ClCompile Include="..\chkreg.c">
      <Filter>Source Files</Filter>
    </ClCompile>
    <ClCompile Include="..\Clip.c">
      <Filter>Source Files</Filter>
    </ClCompile>
    <ClCompile Include="..\Display.c">
      <Filter>Source Files</Filter>
    </ClCompile>
    <ClCompile Include="..\Dp.c">
      <Filter>Source Files</Filter>
    </ClCompile>
    <ClCompile Include="..\eval.c">
      <Filter>Source Files</Filter>
    </ClCompile>
    <ClCompile Include="..\expfit.c">
      <Filter>Source Files</Filter>
    </ClCompile>
    <ClCompile Include="..\Fft.c">
      <Filter>Source Files</Filter>
    </ClCompile>
    <ClCompile Include="..\Gr_disp.c">
      <Filter>Source Files</Filter>
    </ClCompile>
    <ClCompile Include="..\Gr_w32.c">
      <Filter>Source Files</Filter>
    </ClCompile>
    <ClCompile Include="..\gui.c">
      <Filter>Source Files</Filter>
    </ClCompile>
    <ClCompile Include="..\Help.c">
      <Filter>Source Files</Filter>
    </ClCompile>
    <ClCompile Include="..\Print.c">
      <Filter>Source Files</Filter>
    </ClCompile>
    <ClCompile Include="..\Rwcfg.c">
      <Filter>Source Files</Filter>
    </ClCompile>
    <ClCompile Include="..\Rwfile.c">
      <Filter>Source Files</Filter>
    </ClCompile>
    <ClCompile Include="..\Simp.c">
      <Filter>Source Files</Filter>
    </ClCompile>
    <ClCompile Include="..\Sysres.c">
      <Filter>Source Files</Filter>
    </ClCompile>
    <ClCompile Include="..\wrtnfo.c">
      <Filter>Source Files</Filter>
    </ClCompile>
  </ItemGroup>
  <ItemGroup>
    <ClInclude Include="..\clip.h">
      <Filter>Header Files</Filter>
    </ClInclude>
    <ClInclude Include="..\display.h">
      <Filter>Header Files</Filter>
    </ClInclude>
    <ClInclude Include="..\sysres.h">
      <Filter>Header Files</Filter>
    </ClInclude>
    <ClInclude Include="..\tstm.h">
      <Filter>Header Files</Filter>
    </ClInclude>
    <ClInclude Include="..\tstp.h">
      <Filter>Header Files</Filter>
    </ClInclude>
    <ClInclude Include="..\uni.h">
      <Filter>Header Files</Filter>
    </ClInclude>
    <ClInclude Include="..\version.h">
      <Filter>Header Files</Filter>
    </ClInclude>
  </ItemGroup>
  <ItemGroup>
    <Image Include="..\Sysres.ico">
      <Filter>Resource Files</Filter>
    </Image>
  </ItemGroup>
  <ItemGroup>
    <ResourceCompile Include="..\Sysres.rc">
      <Filter>Resource Files</Filter>
    </ResourceCompile>
  </ItemGroup>
</Project>