<?xml version="1.0" encoding="utf-8"?>
<Project ToolsVersion="4.0" xmlns="http://schemas.microsoft.com/developer/msbuild/2003">
  <ItemGroup>
    <Filter Include="Source Files">
      <UniqueIdentifier>{441e2e9b-b874-455a-ab73-fa3a6eb6938f}</UniqueIdentifier>
      <Extensions>cpp;c;cxx;rc;def;r;odl;idl;hpj;bat</Extensions>
    </Filter>
    <Filter Include="Header Files">
      <UniqueIdentifier>{ddb9c7bb-2d39-42ee-9af0-0f719506f593}</UniqueIdentifier>
      <Extensions>h;hpp;hxx;hm;inl</Extensions>
    </Filter>
    <Filter Include="Resource Files">
      <UniqueIdentifier>{d5ce8f7f-e570-41e0-93bb-be058bbe5e1b}</UniqueIdentifier>
      <Extensions>ico;cur;bmp;dlg;rc2;rct;bin;rgs;gif;jpg;jpeg;jpe</Extensions>
    </Filter>
  </ItemGroup>
  <ItemGroup>
    <ClCompile Include="..\average.c">
      <Filter>Source Files</Filter>
    </ClCompile>
    <ClCompile Include="..\calibr.c">
      <Filter>Source Files</Filter>
    </ClCompile>
    <ClCompile Include="..\chkreg.c">
      <Filter>Source Files</Filter>
    </ClCompile>
    <ClCompile Include="..\clip.c">
      <Filter>Source Files</Filter>
    </ClCompile>
    <ClCompile Include="..\display.c">
      <Filter>Source Files</Filter>
    </ClCompile>
    <ClCompile Include="..\dp.c">
      <Filter>Source Files</Filter>
    </ClCompile>
    <ClCompile Include="..\eval.c">
      <Filter>Source Files</Filter>
    </ClCompile>
    <ClCompile Include="..\expfit.c">
      <Filter>Source Files</Filter>
    </ClCompile>
    <ClCompile Include="..\fft.c">
      <Filter>Source Files</Filter>
    </ClCompile>
    <ClCompile Include="..\gr_disp.c">
      <Filter>Source Files</Filter>
    </ClCompile>
    <ClCompile Include="..\gr_w32.c">
      <Filter>Source Files</Filter>
    </ClCompile>
    <ClCompile Include="..\gui.c">
      <Filter>Source Files</Filter>
    </ClCompile>
    <ClCompile Include="..\help.c">
      <Filter>Source Files</Filter>
    </ClCompile>
    <ClCompile Include="..\print.c">
      <Filter>Source Files</Filter>
    </ClCompile>
    <ClCompile Include="..\rwcfg.c">
      <Filter>Source Files</Filter>
    </ClCompile>
    <ClCompile Include="..\rwfile.c">
      <Filter>Source Files</Filter>
    </ClCompile>
    <ClCompile Include="..\simp.c">
      <Filter>Source Files</Filter>
    </ClCompile>
    <ClCompile Include="..\sio.c">
      <Filter>Source Files</Filter>
    </ClCompile>
    <ClCompile Include="..\sysres.c">
      <Filter>Source Files</Filter>
    </ClCompile>
    <ClCompile Include="..\wa.c">
      <Filter>Source Files</Filter>
    </ClCompile>
    <ClCompile Include="..\wrtnfo.c">
      <Filter>Source Files</Filter>
    </ClCompile>
  </ItemGroup>
  <ItemGroup>
    <ClInclude Include="..\bio.h">
      <Filter>Header Files</Filter>
    </ClInclude>
    <ClInclude Include="..\cardinfo.h">
      <Filter>Header Files</Filter>
    </ClInclude>
    <ClInclude Include="..\fk.h">
      <Filter>Header Files</Filter>
    </ClInclude>
    <ClInclude Include="..\sio.h">
      <Filter>Header Files</Filter>
    </ClInclude>
    <ClInclude Include="..\sysres.h">
      <Filter>Header Files</Filter>
    </ClInclude>
    <ClInclude Include="..\version.h">
      <Filter>Header Files</Filter>
    </ClInclude>
  </ItemGroup>
  <ItemGroup>
    <Image Include="..\Sysres.ico">
      <Filter>Resource Files</Filter>
    </Image>
  </ItemGroup>
  <ItemGroup>
    <ResourceCompile Include="..\sysres.rc">
      <Filter>Resource Files</Filter>
    </ResourceCompile>
  </ItemGroup>
</Project>